
Microsoft Visual Studio Solution File, Format Version 12.00
# Visual Studio Version 17
VisualStudioVersion = 17.9.34728.123
MinimumVisualStudioVersion = 10.0.40219.1
Project("{9A19103F-16F7-4668-BE54-9A1E7A4F7556}") = "CSI120 - S24 - Computer Programming I", "CSI120 - S24 - Computer Programming I.csproj", "{258C4E61-6D22-4590-859D-F04B0EA994F2}"
EndProject
Project("{FAE04EC0-301F-11D3-BF4B-00C04F79EFBC}") = "Decimals", "..\Decimals\Decimals.csproj", "{C52AC4D9-92CD-4AAD-B00B-F0B7E287D2D6}"
EndProject
Global
	GlobalSection(SolutionConfigurationPlatforms) = preSolution
		Debug|Any CPU = Debug|Any CPU
		Release|Any CPU = Release|Any CPU
	EndGlobalSection
	GlobalSection(ProjectConfigurationPlatforms) = postSolution
		{258C4E61-6D22-4590-859D-F04B0EA994F2}.Debug|Any CPU.ActiveCfg = Debug|Any CPU
		{258C4E61-6D22-4590-859D-F04B0EA994F2}.Debug|Any CPU.Build.0 = Debug|Any CPU
		{258C4E61-6D22-4590-859D-F04B0EA994F2}.Release|Any CPU.ActiveCfg = Release|Any CPU
		{258C4E61-6D22-4590-859D-F04B0EA994F2}.Release|Any CPU.Build.0 = Release|Any CPU
		{C52AC4D9-92CD-4AAD-B00B-F0B7E287D2D6}.Debug|Any CPU.ActiveCfg = Debug|Any CPU
		{C52AC4D9-92CD-4AAD-B00B-F0B7E287D2D6}.Debug|Any CPU.Build.0 = Debug|Any CPU
		{C52AC4D9-92CD-4AAD-B00B-F0B7E287D2D6}.Release|Any CPU.ActiveCfg = Release|Any CPU
		{C52AC4D9-92CD-4AAD-B00B-F0B7E287D2D6}.Release|Any CPU.Build.0 = Release|Any CPU
	EndGlobalSection
	GlobalSection(SolutionProperties) = preSolution
		HideSolutionNode = FALSE
	EndGlobalSection
	GlobalSection(ExtensibilityGlobals) = postSolution
		SolutionGuid = {F01BE0E3-17C5-42FF-BB9B-0AEE62F24B0F}
	EndGlobalSection
EndGlobal
